// !$*UTF8*$!
{
	archiveVersion = 1;
	classes = {
	};
	objectVersion = 52;
	objects = {

/* Begin PBXBuildFile section */
		302A27E4CB87EF0EA73F80E7 /* Pods_FlashChat.framework in Frameworks */ = {isa = PBXBuildFile; fileRef = 1E2F837BDB6356D3A37AC7C7 /* Pods_FlashChat.framework */; };
		F6CBF7F327C6D1FC009BB2DE /* AppDelegate.swift in Sources */ = {isa = PBXBuildFile; fileRef = F6CBF7F227C6D1FC009BB2DE /* AppDelegate.swift */; };
		F6CBF7F527C6D1FC009BB2DE /* SceneDelegate.swift in Sources */ = {isa = PBXBuildFile; fileRef = F6CBF7F427C6D1FC009BB2DE /* SceneDelegate.swift */; };
		F6CBF7F727C6D1FC009BB2DE /* WelcomeViewController.swift in Sources */ = {isa = PBXBuildFile; fileRef = F6CBF7F627C6D1FC009BB2DE /* WelcomeViewController.swift */; };
		F6CBF7FF27C6D1FD009BB2DE /* LaunchScreen.storyboard in Resources */ = {isa = PBXBuildFile; fileRef = F6CBF7FD27C6D1FD009BB2DE /* LaunchScreen.storyboard */; };
		F6CBF80927C6D5A4009BB2DE /* RegisterViewController.swift in Sources */ = {isa = PBXBuildFile; fileRef = F6CBF80827C6D5A4009BB2DE /* RegisterViewController.swift */; };
		F6CBF80C27C6D5C2009BB2DE /* LoginViewController.swift in Sources */ = {isa = PBXBuildFile; fileRef = F6CBF80B27C6D5C2009BB2DE /* LoginViewController.swift */; };
		F6CBF80E27C6D5D5009BB2DE /* ChatViewController.swift in Sources */ = {isa = PBXBuildFile; fileRef = F6CBF80D27C6D5D5009BB2DE /* ChatViewController.swift */; };
		F6CBF81127C6D687009BB2DE /* MessageCell.swift in Sources */ = {isa = PBXBuildFile; fileRef = F6CBF80F27C6D687009BB2DE /* MessageCell.swift */; };
		F6CBF81227C6D687009BB2DE /* MessageCell.xib in Resources */ = {isa = PBXBuildFile; fileRef = F6CBF81027C6D687009BB2DE /* MessageCell.xib */; };
		F6CBF81527C6D6FF009BB2DE /* Message.swift in Sources */ = {isa = PBXBuildFile; fileRef = F6CBF81427C6D6FF009BB2DE /* Message.swift */; };
		F6CBF81727C6D76D009BB2DE /* Assets.xcassets in Resources */ = {isa = PBXBuildFile; fileRef = F6CBF81627C6D76D009BB2DE /* Assets.xcassets */; };
		F6CBF81927C6D79D009BB2DE /* GoogleService-Info.plist in Resources */ = {isa = PBXBuildFile; fileRef = F6CBF81827C6D79D009BB2DE /* GoogleService-Info.plist */; };
		F6CBF81B27C6D7C7009BB2DE /* Constants.swift in Sources */ = {isa = PBXBuildFile; fileRef = F6CBF81A27C6D7C7009BB2DE /* Constants.swift */; };
		F6CBF81E27C6D850009BB2DE /* IQKeyboardManagerSwift in Frameworks */ = {isa = PBXBuildFile; productRef = F6CBF81D27C6D850009BB2DE /* IQKeyboardManagerSwift */; };
		F6CBF82027C6D90B009BB2DE /* Main.storyboard in Resources */ = {isa = PBXBuildFile; fileRef = F6CBF81F27C6D90B009BB2DE /* Main.storyboard */; };
/* End PBXBuildFile section */

/* Begin PBXFileReference section */
		1E2F837BDB6356D3A37AC7C7 /* Pods_FlashChat.framework */ = {isa = PBXFileReference; explicitFileType = wrapper.framework; includeInIndex = 0; path = Pods_FlashChat.framework; sourceTree = BUILT_PRODUCTS_DIR; };
		37F5F6FE06FC79E4B1E525E3 /* Pods-FlashChat.debug.xcconfig */ = {isa = PBXFileReference; includeInIndex = 1; lastKnownFileType = text.xcconfig; name = "Pods-FlashChat.debug.xcconfig"; path = "Target Support Files/Pods-FlashChat/Pods-FlashChat.debug.xcconfig"; sourceTree = "<group>"; };
		414C6A082229837B7F38619C /* Pods-FlashChat.release.xcconfig */ = {isa = PBXFileReference; includeInIndex = 1; lastKnownFileType = text.xcconfig; name = "Pods-FlashChat.release.xcconfig"; path = "Target Support Files/Pods-FlashChat/Pods-FlashChat.release.xcconfig"; sourceTree = "<group>"; };
		F6CBF7EF27C6D1FC009BB2DE /* FlashChat.app */ = {isa = PBXFileReference; explicitFileType = wrapper.application; includeInIndex = 0; path = FlashChat.app; sourceTree = BUILT_PRODUCTS_DIR; };
		F6CBF7F227C6D1FC009BB2DE /* AppDelegate.swift */ = {isa = PBXFileReference; lastKnownFileType = sourcecode.swift; path = AppDelegate.swift; sourceTree = "<group>"; };
		F6CBF7F427C6D1FC009BB2DE /* SceneDelegate.swift */ = {isa = PBXFileReference; lastKnownFileType = sourcecode.swift; path = SceneDelegate.swift; sourceTree = "<group>"; };
		F6CBF7F627C6D1FC009BB2DE /* WelcomeViewController.swift */ = {isa = PBXFileReference; lastKnownFileType = sourcecode.swift; path = WelcomeViewController.swift; sourceTree = "<group>"; };
		F6CBF7FE27C6D1FD009BB2DE /* Base */ = {isa = PBXFileReference; lastKnownFileType = file.storyboard; name = Base; path = Base.lproj/LaunchScreen.storyboard; sourceTree = "<group>"; };
		F6CBF80027C6D1FD009BB2DE /* Info.plist */ = {isa = PBXFileReference; lastKnownFileType = text.plist.xml; path = Info.plist; sourceTree = "<group>"; };
		F6CBF80827C6D5A4009BB2DE /* RegisterViewController.swift */ = {isa = PBXFileReference; lastKnownFileType = sourcecode.swift; path = RegisterViewController.swift; sourceTree = "<group>"; };
		F6CBF80B27C6D5C2009BB2DE /* LoginViewController.swift */ = {isa = PBXFileReference; lastKnownFileType = sourcecode.swift; path = LoginViewController.swift; sourceTree = "<group>"; };
		F6CBF80D27C6D5D5009BB2DE /* ChatViewController.swift */ = {isa = PBXFileReference; lastKnownFileType = sourcecode.swift; path = ChatViewController.swift; sourceTree = "<group>"; };
		F6CBF80F27C6D687009BB2DE /* MessageCell.swift */ = {isa = PBXFileReference; lastKnownFileType = sourcecode.swift; path = MessageCell.swift; sourceTree = "<group>"; };
		F6CBF81027C6D687009BB2DE /* MessageCell.xib */ = {isa = PBXFileReference; lastKnownFileType = file.xib; path = MessageCell.xib; sourceTree = "<group>"; };
		F6CBF81427C6D6FF009BB2DE /* Message.swift */ = {isa = PBXFileReference; lastKnownFileType = sourcecode.swift; path = Message.swift; sourceTree = "<group>"; };
		F6CBF81627C6D76D009BB2DE /* Assets.xcassets */ = {isa = PBXFileReference; lastKnownFileType = folder.assetcatalog; name = Assets.xcassets; path = "../../../Udemy_iOS/Flash-Chat/Flash Chat iOS13/Assets.xcassets"; sourceTree = "<group>"; };
		F6CBF81827C6D79D009BB2DE /* GoogleService-Info.plist */ = {isa = PBXFileReference; fileEncoding = 4; lastKnownFileType = text.plist.xml; path = "GoogleService-Info.plist"; sourceTree = "<group>"; };
		F6CBF81A27C6D7C7009BB2DE /* Constants.swift */ = {isa = PBXFileReference; lastKnownFileType = sourcecode.swift; path = Constants.swift; sourceTree = "<group>"; };
		F6CBF81F27C6D90B009BB2DE /* Main.storyboard */ = {isa = PBXFileReference; fileEncoding = 4; lastKnownFileType = file.storyboard; path = Main.storyboard; sourceTree = "<group>"; };
/* End PBXFileReference section */

/* Begin PBXFrameworksBuildPhase section */
		F6CBF7EC27C6D1FC009BB2DE /* Frameworks */ = {
			isa = PBXFrameworksBuildPhase;
			buildActionMask = 2147483647;
			files = (
				302A27E4CB87EF0EA73F80E7 /* Pods_FlashChat.framework in Frameworks */,
				F6CBF81E27C6D850009BB2DE /* IQKeyboardManagerSwift in Frameworks */,
			);
			runOnlyForDeploymentPostprocessing = 0;
		};
/* End PBXFrameworksBuildPhase section */

/* Begin PBXGroup section */
		B02CA83B799496354A0E3480 /* Pods */ = {
			isa = PBXGroup;
			children = (
				37F5F6FE06FC79E4B1E525E3 /* Pods-FlashChat.debug.xcconfig */,
				414C6A082229837B7F38619C /* Pods-FlashChat.release.xcconfig */,
			);
			path = Pods;
			sourceTree = "<group>";
		};
		E44E48019F5180339DF6073E /* Frameworks */ = {
			isa = PBXGroup;
			children = (
				1E2F837BDB6356D3A37AC7C7 /* Pods_FlashChat.framework */,
			);
			name = Frameworks;
			sourceTree = "<group>";
		};
		F6CBF7E627C6D1FC009BB2DE = {
			isa = PBXGroup;
			children = (
				F6CBF7F127C6D1FC009BB2DE /* FlashChat */,
				F6CBF7F027C6D1FC009BB2DE /* Products */,
				B02CA83B799496354A0E3480 /* Pods */,
				E44E48019F5180339DF6073E /* Frameworks */,
			);
			sourceTree = "<group>";
		};
		F6CBF7F027C6D1FC009BB2DE /* Products */ = {
			isa = PBXGroup;
			children = (
				F6CBF7EF27C6D1FC009BB2DE /* FlashChat.app */,
			);
			name = Products;
			sourceTree = "<group>";
		};
		F6CBF7F127C6D1FC009BB2DE /* FlashChat */ = {
			isa = PBXGroup;
			children = (
				F6CBF7F227C6D1FC009BB2DE /* AppDelegate.swift */,
				F6CBF7F427C6D1FC009BB2DE /* SceneDelegate.swift */,
				F6CBF81327C6D6D8009BB2DE /* Models */,
				F6CBF80627C6D546009BB2DE /* Views */,
				F6CBF80727C6D55B009BB2DE /* Controllers */,
				F6CBF7FD27C6D1FD009BB2DE /* LaunchScreen.storyboard */,
				F6CBF81627C6D76D009BB2DE /* Assets.xcassets */,
				F6CBF80027C6D1FD009BB2DE /* Info.plist */,
				F6CBF81827C6D79D009BB2DE /* GoogleService-Info.plist */,
				F6CBF81A27C6D7C7009BB2DE /* Constants.swift */,
			);
			path = FlashChat;
			sourceTree = "<group>";
		};
		F6CBF80627C6D546009BB2DE /* Views */ = {
			isa = PBXGroup;
			children = (
				F6CBF81F27C6D90B009BB2DE /* Main.storyboard */,
				F6CBF80F27C6D687009BB2DE /* MessageCell.swift */,
				F6CBF81027C6D687009BB2DE /* MessageCell.xib */,
			);
			path = Views;
			sourceTree = "<group>";
		};
		F6CBF80727C6D55B009BB2DE /* Controllers */ = {
			isa = PBXGroup;
			children = (
				F6CBF7F627C6D1FC009BB2DE /* WelcomeViewController.swift */,
				F6CBF80827C6D5A4009BB2DE /* RegisterViewController.swift */,
				F6CBF80B27C6D5C2009BB2DE /* LoginViewController.swift */,
				F6CBF80D27C6D5D5009BB2DE /* ChatViewController.swift */,
			);
			path = Controllers;
			sourceTree = "<group>";
		};
		F6CBF81327C6D6D8009BB2DE /* Models */ = {
			isa = PBXGroup;
			children = (
				F6CBF81427C6D6FF009BB2DE /* Message.swift */,
			);
			path = Models;
			sourceTree = "<group>";
		};
/* End PBXGroup section */

/* Begin PBXNativeTarget section */
		F6CBF7EE27C6D1FC009BB2DE /* FlashChat */ = {
			isa = PBXNativeTarget;
			buildConfigurationList = F6CBF80327C6D1FD009BB2DE /* Build configuration list for PBXNativeTarget "FlashChat" */;
			buildPhases = (
				0B1F4CBFA6D8A5BA6C884A61 /* [CP] Check Pods Manifest.lock */,
				F6CBF7EB27C6D1FC009BB2DE /* Sources */,
				F6CBF7EC27C6D1FC009BB2DE /* Frameworks */,
				F6CBF7ED27C6D1FC009BB2DE /* Resources */,
				FDBB9A7B1386BC8F7FA0E4A9 /* [CP] Embed Pods Frameworks */,
			);
			buildRules = (
			);
			dependencies = (
			);
			name = FlashChat;
			packageProductDependencies = (
				F6CBF81D27C6D850009BB2DE /* IQKeyboardManagerSwift */,
			);
			productName = FlashChat;
			productReference = F6CBF7EF27C6D1FC009BB2DE /* FlashChat.app */;
			productType = "com.apple.product-type.application";
		};
/* End PBXNativeTarget section */

/* Begin PBXProject section */
		F6CBF7E727C6D1FC009BB2DE /* Project object */ = {
			isa = PBXProject;
			attributes = {
				LastSwiftUpdateCheck = 1250;
				LastUpgradeCheck = 1250;
				TargetAttributes = {
					F6CBF7EE27C6D1FC009BB2DE = {
						CreatedOnToolsVersion = 12.5;
					};
				};
			};
			buildConfigurationList = F6CBF7EA27C6D1FC009BB2DE /* Build configuration list for PBXProject "FlashChat" */;
			compatibilityVersion = "Xcode 9.3";
			developmentRegion = en;
			hasScannedForEncodings = 0;
			knownRegions = (
				en,
				Base,
			);
			mainGroup = F6CBF7E627C6D1FC009BB2DE;
			packageReferences = (
				F6CBF81C27C6D850009BB2DE /* XCRemoteSwiftPackageReference "IQKeyboardManager" */,
			);
			productRefGroup = F6CBF7F027C6D1FC009BB2DE /* Products */;
			projectDirPath = "";
			projectRoot = "";
			targets = (
				F6CBF7EE27C6D1FC009BB2DE /* FlashChat */,
			);
		};
/* End PBXProject section */

/* Begin PBXResourcesBuildPhase section */
		F6CBF7ED27C6D1FC009BB2DE /* Resources */ = {
			isa = PBXResourcesBuildPhase;
			buildActionMask = 2147483647;
			files = (
				F6CBF7FF27C6D1FD009BB2DE /* LaunchScreen.storyboard in Resources */,
				F6CBF82027C6D90B009BB2DE /* Main.storyboard in Resources */,
				F6CBF81227C6D687009BB2DE /* MessageCell.xib in Resources */,
				F6CBF81927C6D79D009BB2DE /* GoogleService-Info.plist in Resources */,
				F6CBF81727C6D76D009BB2DE /* Assets.xcassets in Resources */,
			);
			runOnlyForDeploymentPostprocessing = 0;
		};
/* End PBXResourcesBuildPhase section */

/* Begin PBXShellScriptBuildPhase section */
		0B1F4CBFA6D8A5BA6C884A61 /* [CP] Check Pods Manifest.lock */ = {
			isa = PBXShellScriptBuildPhase;
			buildActionMask = 2147483647;
			files = (
			);
			inputFileListPaths = (
			);
			inputPaths = (
				"${PODS_PODFILE_DIR_PATH}/Podfile.lock",
				"${PODS_ROOT}/Manifest.lock",
			);
			name = "[CP] Check Pods Manifest.lock";
			outputFileListPaths = (
			);
			outputPaths = (
				"$(DERIVED_FILE_DIR)/Pods-FlashChat-checkManifestLockResult.txt",
			);
			runOnlyForDeploymentPostprocessing = 0;
			shellPath = /bin/sh;
			shellScript = "diff \"${PODS_PODFILE_DIR_PATH}/Podfile.lock\" \"${PODS_ROOT}/Manifest.lock\" > /dev/null\nif [ $? != 0 ] ; then\n    # print error to STDERR\n    echo \"error: The sandbox is not in sync with the Podfile.lock. Run 'pod install' or update your CocoaPods installation.\" >&2\n    exit 1\nfi\n# This output is used by Xcode 'outputs' to avoid re-running this script phase.\necho \"SUCCESS\" > \"${SCRIPT_OUTPUT_FILE_0}\"\n";
			showEnvVarsInLog = 0;
		};
		FDBB9A7B1386BC8F7FA0E4A9 /* [CP] Embed Pods Frameworks */ = {
			isa = PBXShellScriptBuildPhase;
			buildActionMask = 2147483647;
			files = (
			);
			inputFileListPaths = (
				"${PODS_ROOT}/Target Support Files/Pods-FlashChat/Pods-FlashChat-frameworks-${CONFIGURATION}-input-files.xcfilelist",
			);
			name = "[CP] Embed Pods Frameworks";
			outputFileListPaths = (
				"${PODS_ROOT}/Target Support Files/Pods-FlashChat/Pods-FlashChat-frameworks-${CONFIGURATION}-output-files.xcfilelist",
			);
			runOnlyForDeploymentPostprocessing = 0;
			shellPath = /bin/sh;
			shellScript = "\"${PODS_ROOT}/Target Support Files/Pods-FlashChat/Pods-FlashChat-frameworks.sh\"\n";
			showEnvVarsInLog = 0;
		};
/* End PBXShellScriptBuildPhase section */

/* Begin PBXSourcesBuildPhase section */
		F6CBF7EB27C6D1FC009BB2DE /* Sources */ = {
			isa = PBXSourcesBuildPhase;
			buildActionMask = 2147483647;
			files = (
				F6CBF7F727C6D1FC009BB2DE /* WelcomeViewController.swift in Sources */,
				F6CBF7F327C6D1FC009BB2DE /* AppDelegate.swift in Sources */,
				F6CBF7F527C6D1FC009BB2DE /* SceneDelegate.swift in Sources */,
				F6CBF80C27C6D5C2009BB2DE /* LoginViewController.swift in Sources */,
				F6CBF80E27C6D5D5009BB2DE /* ChatViewController.swift in Sources */,
				F6CBF81527C6D6FF009BB2DE /* Message.swift in Sources */,
				F6CBF80927C6D5A4009BB2DE /* RegisterViewController.swift in Sources */,
				F6CBF81127C6D687009BB2DE /* MessageCell.swift in Sources */,
				F6CBF81B27C6D7C7009BB2DE /* Constants.swift in Sources */,
			);
			runOnlyForDeploymentPostprocessing = 0;
		};
/* End PBXSourcesBuildPhase section */

/* Begin PBXVariantGroup section */
		F6CBF7FD27C6D1FD009BB2DE /* LaunchScreen.storyboard */ = {
			isa = PBXVariantGroup;
			children = (
				F6CBF7FE27C6D1FD009BB2DE /* Base */,
			);
			name = LaunchScreen.storyboard;
			sourceTree = "<group>";
		};
/* End PBXVariantGroup section */

/* Begin XCBuildConfiguration section */
		F6CBF80127C6D1FD009BB2DE /* Debug */ = {
			isa = XCBuildConfiguration;
			buildSettings = {
				ALWAYS_SEARCH_USER_PATHS = NO;
				CLANG_ANALYZER_NONNULL = YES;
				CLANG_ANALYZER_NUMBER_OBJECT_CONVERSION = YES_AGGRESSIVE;
				CLANG_CXX_LANGUAGE_STANDARD = "gnu++14";
				CLANG_CXX_LIBRARY = "libc++";
				CLANG_ENABLE_MODULES = YES;
				CLANG_ENABLE_OBJC_ARC = YES;
				CLANG_ENABLE_OBJC_WEAK = YES;
				CLANG_WARN_BLOCK_CAPTURE_AUTORELEASING = YES;
				CLANG_WARN_BOOL_CONVERSION = YES;
				CLANG_WARN_COMMA = YES;
				CLANG_WARN_CONSTANT_CONVERSION = YES;
				CLANG_WARN_DEPRECATED_OBJC_IMPLEMENTATIONS = YES;
				CLANG_WARN_DIRECT_OBJC_ISA_USAGE = YES_ERROR;
				CLANG_WARN_DOCUMENTATION_COMMENTS = YES;
				CLANG_WARN_EMPTY_BODY = YES;
				CLANG_WARN_ENUM_CONVERSION = YES;
				CLANG_WARN_INFINITE_RECURSION = YES;
				CLANG_WARN_INT_CONVERSION = YES;
				CLANG_WARN_NON_LITERAL_NULL_CONVERSION = YES;
				CLANG_WARN_OBJC_IMPLICIT_RETAIN_SELF = YES;
				CLANG_WARN_OBJC_LITERAL_CONVERSION = YES;
				CLANG_WARN_OBJC_ROOT_CLASS = YES_ERROR;
				CLANG_WARN_QUOTED_INCLUDE_IN_FRAMEWORK_HEADER = YES;
				CLANG_WARN_RANGE_LOOP_ANALYSIS = YES;
				CLANG_WARN_STRICT_PROTOTYPES = YES;
				CLANG_WARN_SUSPICIOUS_MOVE = YES;
				CLANG_WARN_UNGUARDED_AVAILABILITY = YES_AGGRESSIVE;
				CLANG_WARN_UNREACHABLE_CODE = YES;
				CLANG_WARN__DUPLICATE_METHOD_MATCH = YES;
				COPY_PHASE_STRIP = NO;
				DEBUG_INFORMATION_FORMAT = dwarf;
				ENABLE_STRICT_OBJC_MSGSEND = YES;
				ENABLE_TESTABILITY = YES;
				GCC_C_LANGUAGE_STANDARD = gnu11;
				GCC_DYNAMIC_NO_PIC = NO;
				GCC_NO_COMMON_BLOCKS = YES;
				GCC_OPTIMIZATION_LEVEL = 0;
				GCC_PREPROCESSOR_DEFINITIONS = (
					"DEBUG=1",
					"$(inherited)",
				);
				GCC_WARN_64_TO_32_BIT_CONVERSION = YES;
				GCC_WARN_ABOUT_RETURN_TYPE = YES_ERROR;
				GCC_WARN_UNDECLARED_SELECTOR = YES;
				GCC_WARN_UNINITIALIZED_AUTOS = YES_AGGRESSIVE;
				GCC_WARN_UNUSED_FUNCTION = YES;
				GCC_WARN_UNUSED_VARIABLE = YES;
				IPHONEOS_DEPLOYMENT_TARGET = 14.5;
				MTL_ENABLE_DEBUG_INFO = INCLUDE_SOURCE;
				MTL_FAST_MATH = YES;
				ONLY_ACTIVE_ARCH = YES;
				SDKROOT = iphoneos;
				SWIFT_ACTIVE_COMPILATION_CONDITIONS = DEBUG;
				SWIFT_OPTIMIZATION_LEVEL = "-Onone";
			};
			name = Debug;
		};
		F6CBF80227C6D1FD009BB2DE /* Release */ = {
			isa = XCBuildConfiguration;
			buildSettings = {
				ALWAYS_SEARCH_USER_PATHS = NO;
				CLANG_ANALYZER_NONNULL = YES;
				CLANG_ANALYZER_NUMBER_OBJECT_CONVERSION = YES_AGGRESSIVE;
				CLANG_CXX_LANGUAGE_STANDARD = "gnu++14";
				CLANG_CXX_LIBRARY = "libc++";
				CLANG_ENABLE_MODULES = YES;
				CLANG_ENABLE_OBJC_ARC = YES;
				CLANG_ENABLE_OBJC_WEAK = YES;
				CLANG_WARN_BLOCK_CAPTURE_AUTORELEASING = YES;
				CLANG_WARN_BOOL_CONVERSION = YES;
				CLANG_WARN_COMMA = YES;
				CLANG_WARN_CONSTANT_CONVERSION = YES;
				CLANG_WARN_DEPRECATED_OBJC_IMPLEMENTATIONS = YES;
				CLANG_WARN_DIRECT_OBJC_ISA_USAGE = YES_ERROR;
				CLANG_WARN_DOCUMENTATION_COMMENTS = YES;
				CLANG_WARN_EMPTY_BODY = YES;
				CLANG_WARN_ENUM_CONVERSION = YES;
				CLANG_WARN_INFINITE_RECURSION = YES;
				CLANG_WARN_INT_CONVERSION = YES;
				CLANG_WARN_NON_LITERAL_NULL_CONVERSION = YES;
				CLANG_WARN_OBJC_IMPLICIT_RETAIN_SELF = YES;
				CLANG_WARN_OBJC_LITERAL_CONVERSION = YES;
				CLANG_WARN_OBJC_ROOT_CLASS = YES_ERROR;
				CLANG_WARN_QUOTED_INCLUDE_IN_FRAMEWORK_HEADER = YES;
				CLANG_WARN_RANGE_LOOP_ANALYSIS = YES;
				CLANG_WARN_STRICT_PROTOTYPES = YES;
				CLANG_WARN_SUSPICIOUS_MOVE = YES;
				CLANG_WARN_UNGUARDED_AVAILABILITY = YES_AGGRESSIVE;
				CLANG_WARN_UNREACHABLE_CODE = YES;
				CLANG_WARN__DUPLICATE_METHOD_MATCH = YES;
				COPY_PHASE_STRIP = NO;
				DEBUG_INFORMATION_FORMAT = "dwarf-with-dsym";
				ENABLE_NS_ASSERTIONS = NO;
				ENABLE_STRICT_OBJC_MSGSEND = YES;
				GCC_C_LANGUAGE_STANDARD = gnu11;
				GCC_NO_COMMON_BLOCKS = YES;
				GCC_WARN_64_TO_32_BIT_CONVERSION = YES;
				GCC_WARN_ABOUT_RETURN_TYPE = YES_ERROR;
				GCC_WARN_UNDECLARED_SELECTOR = YES;
				GCC_WARN_UNINITIALIZED_AUTOS = YES_AGGRESSIVE;
				GCC_WARN_UNUSED_FUNCTION = YES;
				GCC_WARN_UNUSED_VARIABLE = YES;
				IPHONEOS_DEPLOYMENT_TARGET = 14.5;
				MTL_ENABLE_DEBUG_INFO = NO;
				MTL_FAST_MATH = YES;
				SDKROOT = iphoneos;
				SWIFT_COMPILATION_MODE = wholemodule;
				SWIFT_OPTIMIZATION_LEVEL = "-O";
				VALIDATE_PRODUCT = YES;
			};
			name = Release;
		};
		F6CBF80427C6D1FD009BB2DE /* Debug */ = {
			isa = XCBuildConfiguration;
			baseConfigurationReference = 37F5F6FE06FC79E4B1E525E3 /* Pods-FlashChat.debug.xcconfig */;
			buildSettings = {
				ASSETCATALOG_COMPILER_APPICON_NAME = AppIcon;
				ASSETCATALOG_COMPILER_GLOBAL_ACCENT_COLOR_NAME = AccentColor;
				CODE_SIGN_STYLE = Automatic;
				DEVELOPMENT_TEAM = 683Q9N7W68;
				INFOPLIST_FILE = FlashChat/Info.plist;
				LD_RUNPATH_SEARCH_PATHS = (
					"$(inherited)",
					"@executable_path/Frameworks",
				);
				PRODUCT_BUNDLE_IDENTIFIER = com.zhc.FlashChat;
				PRODUCT_NAME = "$(TARGET_NAME)";
				SWIFT_VERSION = 5.0;
				TARGETED_DEVICE_FAMILY = "1,2";
			};
			name = Debug;
		};
		F6CBF80527C6D1FD009BB2DE /* Release */ = {
			isa = XCBuildConfiguration;
			baseConfigurationReference = 414C6A082229837B7F38619C /* Pods-FlashChat.release.xcconfig */;
			buildSettings = {
				ASSETCATALOG_COMPILER_APPICON_NAME = AppIcon;
				ASSETCATALOG_COMPILER_GLOBAL_ACCENT_COLOR_NAME = AccentColor;
				CODE_SIGN_STYLE = Automatic;
				DEVELOPMENT_TEAM = 683Q9N7W68;
				INFOPLIST_FILE = FlashChat/Info.plist;
				LD_RUNPATH_SEARCH_PATHS = (
					"$(inherited)",
					"@executable_path/Frameworks",
				);
				PRODUCT_BUNDLE_IDENTIFIER = com.zhc.FlashChat;
				PRODUCT_NAME = "$(TARGET_NAME)";
				SWIFT_VERSION = 5.0;
				TARGETED_DEVICE_FAMILY = "1,2";
			};
			name = Release;
		};
/* End XCBuildConfiguration section */

/* Begin XCConfigurationList section */
		F6CBF7EA27C6D1FC009BB2DE /* Build configuration list for PBXProject "FlashChat" */ = {
			isa = XCConfigurationList;
			buildConfigurations = (
				F6CBF80127C6D1FD009BB2DE /* Debug */,
				F6CBF80227C6D1FD009BB2DE /* Release */,
			);
			defaultConfigurationIsVisible = 0;
			defaultConfigurationName = Release;
		};
		F6CBF80327C6D1FD009BB2DE /* Build configuration list for PBXNativeTarget "FlashChat" */ = {
			isa = XCConfigurationList;
			buildConfigurations = (
				F6CBF80427C6D1FD009BB2DE /* Debug */,
				F6CBF80527C6D1FD009BB2DE /* Release */,
			);
			defaultConfigurationIsVisible = 0;
			defaultConfigurationName = Release;
		};
/* End XCConfigurationList section */

/* Begin XCRemoteSwiftPackageReference section */
		F6CBF81C27C6D850009BB2DE /* XCRemoteSwiftPackageReference "IQKeyboardManager" */ = {
			isa = XCRemoteSwiftPackageReference;
			repositoryURL = "https://github.com/hackiftekhar/IQKeyboardManager.git";
			requirement = {
				kind = upToNextMajorVersion;
				minimumVersion = 6.5.9;
			};
		};
/* End XCRemoteSwiftPackageReference section */

/* Begin XCSwiftPackageProductDependency section */
		F6CBF81D27C6D850009BB2DE /* IQKeyboardManagerSwift */ = {
			isa = XCSwiftPackageProductDependency;
			package = F6CBF81C27C6D850009BB2DE /* XCRemoteSwiftPackageReference "IQKeyboardManager" */;
			productName = IQKeyboardManagerSwift;
		};
/* End XCSwiftPackageProductDependency section */
	};
	rootObject = F6CBF7E727C6D1FC009BB2DE /* Project object */;
}
